// !$*UTF8*$!
{
	archiveVersion = 1;
	classes = {
	};
	objectVersion = 56;
	objects = {

/* Begin PBXBuildFile section */
		E33EDF4D2BB7E48C00084881 /* AppDelegate.swift in Sources */ = {isa = PBXBuildFile; fileRef = E33EDF4C2BB7E48C00084881 /* AppDelegate.swift */; };
		E33EDF4F2BB7E48C00084881 /* SceneDelegate.swift in Sources */ = {isa = PBXBuildFile; fileRef = E33EDF4E2BB7E48C00084881 /* SceneDelegate.swift */; };
		E33EDF512BB7E48C00084881 /* ViewController.swift in Sources */ = {isa = PBXBuildFile; fileRef = E33EDF502BB7E48C00084881 /* ViewController.swift */; };
		E33EDF542BB7E48C00084881 /* Base in Resources */ = {isa = PBXBuildFile; fileRef = E33EDF532BB7E48C00084881 /* Base */; };
		E33EDF562BB7E49400084881 /* Assets.xcassets in Resources */ = {isa = PBXBuildFile; fileRef = E33EDF552BB7E49400084881 /* Assets.xcassets */; };
		E33EDF592BB7E49400084881 /* Base in Resources */ = {isa = PBXBuildFile; fileRef = E33EDF582BB7E49400084881 /* Base */; };
		E33EDF612BB7E4D200084881 /* Worker.swift in Sources */ = {isa = PBXBuildFile; fileRef = E33EDF602BB7E4D200084881 /* Worker.swift */; };
		E33EDF662BB7EC6400084881 /* ASyncView.swift in Sources */ = {isa = PBXBuildFile; fileRef = E33EDF652BB7EC6400084881 /* ASyncView.swift */; };
		E33EDF692BB7ECAA00084881 /* AsyncView in Frameworks */ = {isa = PBXBuildFile; productRef = E33EDF682BB7ECAA00084881 /* AsyncView */; };
		E3888C032BBA7C8400FEC44F /* Convex.swift in Sources */ = {isa = PBXBuildFile; fileRef = E3888BFC2BBA7C8400FEC44F /* Convex.swift */; };
		E3888C042BBA7C8400FEC44F /* Format.swift in Sources */ = {isa = PBXBuildFile; fileRef = E3888BFD2BBA7C8400FEC44F /* Format.swift */; };
		E3888C052BBA7C8400FEC44F /* Grid.swift in Sources */ = {isa = PBXBuildFile; fileRef = E3888BFE2BBA7C8400FEC44F /* Grid.swift */; };
		E3888C062BBA7C8400FEC44F /* Hull.swift in Sources */ = {isa = PBXBuildFile; fileRef = E3888BFF2BBA7C8400FEC44F /* Hull.swift */; };
		E3888C072BBA7C8400FEC44F /* HullHelper.swift in Sources */ = {isa = PBXBuildFile; fileRef = E3888C002BBA7C8400FEC44F /* HullHelper.swift */; };
		E3888C082BBA7C8400FEC44F /* Intersect.swift in Sources */ = {isa = PBXBuildFile; fileRef = E3888C012BBA7C8400FEC44F /* Intersect.swift */; };
		E3888C0A2BBAACE300FEC44F /* Chart.swift in Sources */ = {isa = PBXBuildFile; fileRef = E3888C092BBAACE300FEC44F /* Chart.swift */; };
		E3F276B72BBBD6D100823C52 /* WorkResults.swift in Sources */ = {isa = PBXBuildFile; fileRef = E3F276B62BBBD6D100823C52 /* WorkResults.swift */; };
		E3F276DB2BBBF08300823C52 /* data1 in Resources */ = {isa = PBXBuildFile; fileRef = E3F276B82BBBF08300823C52 /* data1 */; };
		E3F276DC2BBBF08300823C52 /* info_file1 in Resources */ = {isa = PBXBuildFile; fileRef = E3F276B92BBBF08300823C52 /* info_file1 */; };
		E3F276DD2BBBF08300823C52 /* params_diag in Resources */ = {isa = PBXBuildFile; fileRef = E3F276BA2BBBF08300823C52 /* params_diag */; };
		E3F276DE2BBBF08300823C52 /* params_diag5 in Resources */ = {isa = PBXBuildFile; fileRef = E3F276BB2BBBF08300823C52 /* params_diag5 */; };
		E3F276DF2BBBF08300823C52 /* params_full5 in Resources */ = {isa = PBXBuildFile; fileRef = E3F276BC2BBBF08300823C52 /* params_full5 */; };
		E3F276E02BBBF08300823C52 /* params1 in Resources */ = {isa = PBXBuildFile; fileRef = E3F276BD2BBBF08300823C52 /* params1 */; };
		E3F276E12BBBF08300823C52 /* paramstest1 in Resources */ = {isa = PBXBuildFile; fileRef = E3F276BE2BBBF08300823C52 /* paramstest1 */; };
		E3F276E22BBBF08300823C52 /* paramstest3 in Resources */ = {isa = PBXBuildFile; fileRef = E3F276BF2BBBF08300823C52 /* paramstest3 */; };
		E3F276E32BBBF08300823C52 /* paramstest12 in Resources */ = {isa = PBXBuildFile; fileRef = E3F276C02BBBF08300823C52 /* paramstest12 */; };
		E3F276E42BBBF08300823C52 /* paramstest15 in Resources */ = {isa = PBXBuildFile; fileRef = E3F276C12BBBF08300823C52 /* paramstest15 */; };
		E3F276E52BBBF08300823C52 /* info_file2 in Resources */ = {isa = PBXBuildFile; fileRef = E3F276C32BBBF08300823C52 /* info_file2 */; };
		E3F276E62BBBF08300823C52 /* params2 in Resources */ = {isa = PBXBuildFile; fileRef = E3F276C42BBBF08300823C52 /* params2 */; };
		E3F276E72BBBF08300823C52 /* params22 in Resources */ = {isa = PBXBuildFile; fileRef = E3F276C52BBBF08300823C52 /* params22 */; };
		E3F276E82BBBF08300823C52 /* paramstest2 in Resources */ = {isa = PBXBuildFile; fileRef = E3F276C62BBBF08300823C52 /* paramstest2 */; };
		E3F276E92BBBF08300823C52 /* TestingData2 in Resources */ = {isa = PBXBuildFile; fileRef = E3F276C72BBBF08300823C52 /* TestingData2 */; };
		E3F276EA2BBBF08300823C52 /* TrainingData21 in Resources */ = {isa = PBXBuildFile; fileRef = E3F276C82BBBF08300823C52 /* TrainingData21 */; };
		E3F276EB2BBBF08300823C52 /* TrainingData22 in Resources */ = {isa = PBXBuildFile; fileRef = E3F276C92BBBF08300823C52 /* TrainingData22 */; };
		E3F276EC2BBBF08300823C52 /* data3 in Resources */ = {isa = PBXBuildFile; fileRef = E3F276CB2BBBF08300823C52 /* data3 */; };
		E3F276ED2BBBF08400823C52 /* info_file3 in Resources */ = {isa = PBXBuildFile; fileRef = E3F276CC2BBBF08300823C52 /* info_file3 */; };
		E3F276EE2BBBF08400823C52 /* params3 in Resources */ = {isa = PBXBuildFile; fileRef = E3F276CD2BBBF08300823C52 /* params3 */; };
		E3F276F02BBBF08400823C52 /* GMMClassify.swift in Sources */ = {isa = PBXBuildFile; fileRef = E3F276D22BBBF08300823C52 /* GMMClassify.swift */; };
		E3F276F12BBBF08400823C52 /* GMMCluster.swift in Sources */ = {isa = PBXBuildFile; fileRef = E3F276D32BBBF08300823C52 /* GMMCluster.swift */; };
		E3F276F22BBBF08400823C52 /* GMMClusterDefinitions.swift in Sources */ = {isa = PBXBuildFile; fileRef = E3F276D42BBBF08300823C52 /* GMMClusterDefinitions.swift */; };
		E3F276F32BBBF08400823C52 /* GMMEigen.swift in Sources */ = {isa = PBXBuildFile; fileRef = E3F276D52BBBF08300823C52 /* GMMEigen.swift */; };
		E3F276F42BBBF08400823C52 /* GMMInvert.swift in Sources */ = {isa = PBXBuildFile; fileRef = E3F276D62BBBF08300823C52 /* GMMInvert.swift */; };
		E3F276F52BBBF08400823C52 /* GMMIOUtility.swift in Sources */ = {isa = PBXBuildFile; fileRef = E3F276D72BBBF08300823C52 /* GMMIOUtility.swift */; };
		E3F276F62BBBF08400823C52 /* GMMSplitClasses.swift in Sources */ = {isa = PBXBuildFile; fileRef = E3F276D82BBBF08300823C52 /* GMMSplitClasses.swift */; };
		E3F276F72BBBF08400823C52 /* GMMSubCluster.swift in Sources */ = {isa = PBXBuildFile; fileRef = E3F276D92BBBF08300823C52 /* GMMSubCluster.swift */; };
		E3F276FA2BBC1BF400823C52 /* Kriging.swift in Sources */ = {isa = PBXBuildFile; fileRef = E3F276F92BBC1BF300823C52 /* Kriging.swift */; };
/* End PBXBuildFile section */

/* Begin PBXFileReference section */
		E33EDF492BB7E48C00084881 /* ASyncTesting.app */ = {isa = PBXFileReference; explicitFileType = wrapper.application; includeInIndex = 0; path = ASyncTesting.app; sourceTree = BUILT_PRODUCTS_DIR; };
		E33EDF4C2BB7E48C00084881 /* AppDelegate.swift */ = {isa = PBXFileReference; lastKnownFileType = sourcecode.swift; path = AppDelegate.swift; sourceTree = "<group>"; };
		E33EDF4E2BB7E48C00084881 /* SceneDelegate.swift */ = {isa = PBXFileReference; lastKnownFileType = sourcecode.swift; path = SceneDelegate.swift; sourceTree = "<group>"; };
		E33EDF502BB7E48C00084881 /* ViewController.swift */ = {isa = PBXFileReference; lastKnownFileType = sourcecode.swift; path = ViewController.swift; sourceTree = "<group>"; };
		E33EDF532BB7E48C00084881 /* Base */ = {isa = PBXFileReference; lastKnownFileType = file.storyboard; name = Base; path = Base.lproj/Main.storyboard; sourceTree = "<group>"; };
		E33EDF552BB7E49400084881 /* Assets.xcassets */ = {isa = PBXFileReference; lastKnownFileType = folder.assetcatalog; path = Assets.xcassets; sourceTree = "<group>"; };
		E33EDF582BB7E49400084881 /* Base */ = {isa = PBXFileReference; lastKnownFileType = file.storyboard; name = Base; path = Base.lproj/LaunchScreen.storyboard; sourceTree = "<group>"; };
		E33EDF5A2BB7E49400084881 /* Info.plist */ = {isa = PBXFileReference; lastKnownFileType = text.plist.xml; path = Info.plist; sourceTree = "<group>"; };
		E33EDF602BB7E4D200084881 /* Worker.swift */ = {isa = PBXFileReference; lastKnownFileType = sourcecode.swift; path = Worker.swift; sourceTree = "<group>"; };
		E33EDF652BB7EC6400084881 /* ASyncView.swift */ = {isa = PBXFileReference; lastKnownFileType = sourcecode.swift; path = ASyncView.swift; sourceTree = "<group>"; };
		E3888BFC2BBA7C8400FEC44F /* Convex.swift */ = {isa = PBXFileReference; fileEncoding = 4; lastKnownFileType = sourcecode.swift; path = Convex.swift; sourceTree = "<group>"; };
		E3888BFD2BBA7C8400FEC44F /* Format.swift */ = {isa = PBXFileReference; fileEncoding = 4; lastKnownFileType = sourcecode.swift; path = Format.swift; sourceTree = "<group>"; };
		E3888BFE2BBA7C8400FEC44F /* Grid.swift */ = {isa = PBXFileReference; fileEncoding = 4; lastKnownFileType = sourcecode.swift; path = Grid.swift; sourceTree = "<group>"; };
		E3888BFF2BBA7C8400FEC44F /* Hull.swift */ = {isa = PBXFileReference; fileEncoding = 4; lastKnownFileType = sourcecode.swift; path = Hull.swift; sourceTree = "<group>"; };
		E3888C002BBA7C8400FEC44F /* HullHelper.swift */ = {isa = PBXFileReference; fileEncoding = 4; lastKnownFileType = sourcecode.swift; path = HullHelper.swift; sourceTree = "<group>"; };
		E3888C012BBA7C8400FEC44F /* Intersect.swift */ = {isa = PBXFileReference; fileEncoding = 4; lastKnownFileType = sourcecode.swift; path = Intersect.swift; sourceTree = "<group>"; };
		E3888C092BBAACE300FEC44F /* Chart.swift */ = {isa = PBXFileReference; lastKnownFileType = sourcecode.swift; path = Chart.swift; sourceTree = "<group>"; };
		E3F276B62BBBD6D100823C52 /* WorkResults.swift */ = {isa = PBXFileReference; lastKnownFileType = sourcecode.swift; path = WorkResults.swift; sourceTree = "<group>"; };
		E3F276B82BBBF08300823C52 /* data1 */ = {isa = PBXFileReference; fileEncoding = 4; lastKnownFileType = text; path = data1; sourceTree = "<group>"; };
		E3F276B92BBBF08300823C52 /* info_file1 */ = {isa = PBXFileReference; fileEncoding = 4; lastKnownFileType = text; path = info_file1; sourceTree = "<group>"; };
		E3F276BA2BBBF08300823C52 /* params_diag */ = {isa = PBXFileReference; fileEncoding = 4; lastKnownFileType = text; path = params_diag; sourceTree = "<group>"; };
		E3F276BB2BBBF08300823C52 /* params_diag5 */ = {isa = PBXFileReference; fileEncoding = 4; lastKnownFileType = text; path = params_diag5; sourceTree = "<group>"; };
		E3F276BC2BBBF08300823C52 /* params_full5 */ = {isa = PBXFileReference; fileEncoding = 4; lastKnownFileType = text; path = params_full5; sourceTree = "<group>"; };
		E3F276BD2BBBF08300823C52 /* params1 */ = {isa = PBXFileReference; fileEncoding = 4; lastKnownFileType = text; path = params1; sourceTree = "<group>"; };
		E3F276BE2BBBF08300823C52 /* paramstest1 */ = {isa = PBXFileReference; fileEncoding = 4; lastKnownFileType = text; path = paramstest1; sourceTree = "<group>"; };
		E3F276BF2BBBF08300823C52 /* paramstest3 */ = {isa = PBXFileReference; fileEncoding = 4; lastKnownFileType = text; path = paramstest3; sourceTree = "<group>"; };
		E3F276C02BBBF08300823C52 /* paramstest12 */ = {isa = PBXFileReference; fileEncoding = 4; lastKnownFileType = text; path = paramstest12; sourceTree = "<group>"; };
		E3F276C12BBBF08300823C52 /* paramstest15 */ = {isa = PBXFileReference; fileEncoding = 4; lastKnownFileType = text; path = paramstest15; sourceTree = "<group>"; };
		E3F276C32BBBF08300823C52 /* info_file2 */ = {isa = PBXFileReference; fileEncoding = 4; lastKnownFileType = text; path = info_file2; sourceTree = "<group>"; };
		E3F276C42BBBF08300823C52 /* params2 */ = {isa = PBXFileReference; fileEncoding = 4; lastKnownFileType = text; path = params2; sourceTree = "<group>"; };
		E3F276C52BBBF08300823C52 /* params22 */ = {isa = PBXFileReference; fileEncoding = 4; lastKnownFileType = text; path = params22; sourceTree = "<group>"; };
		E3F276C62BBBF08300823C52 /* paramstest2 */ = {isa = PBXFileReference; fileEncoding = 4; lastKnownFileType = text; path = paramstest2; sourceTree = "<group>"; };
		E3F276C72BBBF08300823C52 /* TestingData2 */ = {isa = PBXFileReference; fileEncoding = 4; lastKnownFileType = text; path = TestingData2; sourceTree = "<group>"; };
		E3F276C82BBBF08300823C52 /* TrainingData21 */ = {isa = PBXFileReference; fileEncoding = 4; lastKnownFileType = text; path = TrainingData21; sourceTree = "<group>"; };
		E3F276C92BBBF08300823C52 /* TrainingData22 */ = {isa = PBXFileReference; fileEncoding = 4; lastKnownFileType = text; path = TrainingData22; sourceTree = "<group>"; };
		E3F276CB2BBBF08300823C52 /* data3 */ = {isa = PBXFileReference; fileEncoding = 4; lastKnownFileType = text; path = data3; sourceTree = "<group>"; };
		E3F276CC2BBBF08300823C52 /* info_file3 */ = {isa = PBXFileReference; fileEncoding = 4; lastKnownFileType = text; path = info_file3; sourceTree = "<group>"; };
		E3F276CD2BBBF08300823C52 /* params3 */ = {isa = PBXFileReference; fileEncoding = 4; lastKnownFileType = text; path = params3; sourceTree = "<group>"; };
		E3F276D02BBBF08300823C52 /* GMMClusterTests.swift */ = {isa = PBXFileReference; fileEncoding = 4; lastKnownFileType = sourcecode.swift; path = GMMClusterTests.swift; sourceTree = "<group>"; };
		E3F276D22BBBF08300823C52 /* GMMClassify.swift */ = {isa = PBXFileReference; fileEncoding = 4; lastKnownFileType = sourcecode.swift; path = GMMClassify.swift; sourceTree = "<group>"; };
		E3F276D32BBBF08300823C52 /* GMMCluster.swift */ = {isa = PBXFileReference; fileEncoding = 4; lastKnownFileType = sourcecode.swift; path = GMMCluster.swift; sourceTree = "<group>"; };
		E3F276D42BBBF08300823C52 /* GMMClusterDefinitions.swift */ = {isa = PBXFileReference; fileEncoding = 4; lastKnownFileType = sourcecode.swift; path = GMMClusterDefinitions.swift; sourceTree = "<group>"; };
		E3F276D52BBBF08300823C52 /* GMMEigen.swift */ = {isa = PBXFileReference; fileEncoding = 4; lastKnownFileType = sourcecode.swift; path = GMMEigen.swift; sourceTree = "<group>"; };
		E3F276D62BBBF08300823C52 /* GMMInvert.swift */ = {isa = PBXFileReference; fileEncoding = 4; lastKnownFileType = sourcecode.swift; path = GMMInvert.swift; sourceTree = "<group>"; };
		E3F276D72BBBF08300823C52 /* GMMIOUtility.swift */ = {isa = PBXFileReference; fileEncoding = 4; lastKnownFileType = sourcecode.swift; path = GMMIOUtility.swift; sourceTree = "<group>"; };
		E3F276D82BBBF08300823C52 /* GMMSplitClasses.swift */ = {isa = PBXFileReference; fileEncoding = 4; lastKnownFileType = sourcecode.swift; path = GMMSplitClasses.swift; sourceTree = "<group>"; };
		E3F276D92BBBF08300823C52 /* GMMSubCluster.swift */ = {isa = PBXFileReference; fileEncoding = 4; lastKnownFileType = sourcecode.swift; path = GMMSubCluster.swift; sourceTree = "<group>"; };
		E3F276F92BBC1BF300823C52 /* Kriging.swift */ = {isa = PBXFileReference; fileEncoding = 4; lastKnownFileType = sourcecode.swift; path = Kriging.swift; sourceTree = "<group>"; };
/* End PBXFileReference section */

/* Begin PBXFrameworksBuildPhase section */
		E33EDF462BB7E48C00084881 /* Frameworks */ = {
			isa = PBXFrameworksBuildPhase;
			buildActionMask = 2147483647;
			files = (
				E33EDF692BB7ECAA00084881 /* AsyncView in Frameworks */,
			);
			runOnlyForDeploymentPostprocessing = 0;
		};
/* End PBXFrameworksBuildPhase section */

/* Begin PBXGroup section */
		E33EDF402BB7E48C00084881 = {
			isa = PBXGroup;
			children = (
				E33EDF4B2BB7E48C00084881 /* ASyncTesting */,
				E33EDF4A2BB7E48C00084881 /* Products */,
			);
			sourceTree = "<group>";
		};
		E33EDF4A2BB7E48C00084881 /* Products */ = {
			isa = PBXGroup;
			children = (
				E33EDF492BB7E48C00084881 /* ASyncTesting.app */,
			);
			name = Products;
			sourceTree = "<group>";
		};
		E33EDF4B2BB7E48C00084881 /* ASyncTesting */ = {
			isa = PBXGroup;
			children = (
				E3F276F82BBC1BE200823C52 /* Kriging */,
				E3F276DA2BBBF08300823C52 /* GMMClusters */,
				E3888C022BBA7C8400FEC44F /* ConcaveHull */,
				E33EDF652BB7EC6400084881 /* ASyncView.swift */,
				E33EDF4C2BB7E48C00084881 /* AppDelegate.swift */,
				E33EDF4E2BB7E48C00084881 /* SceneDelegate.swift */,
				E33EDF502BB7E48C00084881 /* ViewController.swift */,
				E33EDF522BB7E48C00084881 /* Main.storyboard */,
				E33EDF552BB7E49400084881 /* Assets.xcassets */,
				E33EDF572BB7E49400084881 /* LaunchScreen.storyboard */,
				E33EDF5A2BB7E49400084881 /* Info.plist */,
				E33EDF602BB7E4D200084881 /* Worker.swift */,
				E3888C092BBAACE300FEC44F /* Chart.swift */,
				E3F276B62BBBD6D100823C52 /* WorkResults.swift */,
			);
			path = ASyncTesting;
			sourceTree = "<group>";
		};
		E3888C022BBA7C8400FEC44F /* ConcaveHull */ = {
			isa = PBXGroup;
			children = (
				E3888BFC2BBA7C8400FEC44F /* Convex.swift */,
				E3888BFD2BBA7C8400FEC44F /* Format.swift */,
				E3888BFE2BBA7C8400FEC44F /* Grid.swift */,
				E3888BFF2BBA7C8400FEC44F /* Hull.swift */,
				E3888C002BBA7C8400FEC44F /* HullHelper.swift */,
				E3888C012BBA7C8400FEC44F /* Intersect.swift */,
			);
			path = ConcaveHull;
			sourceTree = "<group>";
		};
		E3F276C22BBBF08300823C52 /* example1 */ = {
			isa = PBXGroup;
			children = (
				E3F276B82BBBF08300823C52 /* data1 */,
				E3F276B92BBBF08300823C52 /* info_file1 */,
				E3F276BA2BBBF08300823C52 /* params_diag */,
				E3F276BB2BBBF08300823C52 /* params_diag5 */,
				E3F276BC2BBBF08300823C52 /* params_full5 */,
				E3F276BD2BBBF08300823C52 /* params1 */,
				E3F276BE2BBBF08300823C52 /* paramstest1 */,
				E3F276BF2BBBF08300823C52 /* paramstest3 */,
				E3F276C02BBBF08300823C52 /* paramstest12 */,
				E3F276C12BBBF08300823C52 /* paramstest15 */,
			);
			path = example1;
			sourceTree = "<group>";
		};
		E3F276CA2BBBF08300823C52 /* example2 */ = {
			isa = PBXGroup;
			children = (
				E3F276C32BBBF08300823C52 /* info_file2 */,
				E3F276C42BBBF08300823C52 /* params2 */,
				E3F276C52BBBF08300823C52 /* params22 */,
				E3F276C62BBBF08300823C52 /* paramstest2 */,
				E3F276C72BBBF08300823C52 /* TestingData2 */,
				E3F276C82BBBF08300823C52 /* TrainingData21 */,
				E3F276C92BBBF08300823C52 /* TrainingData22 */,
			);
			path = example2;
			sourceTree = "<group>";
		};
		E3F276CE2BBBF08300823C52 /* example3 */ = {
			isa = PBXGroup;
			children = (
				E3F276CB2BBBF08300823C52 /* data3 */,
				E3F276CC2BBBF08300823C52 /* info_file3 */,
				E3F276CD2BBBF08300823C52 /* params3 */,
			);
			path = example3;
			sourceTree = "<group>";
		};
		E3F276CF2BBBF08300823C52 /* Resources */ = {
			isa = PBXGroup;
			children = (
				E3F276C22BBBF08300823C52 /* example1 */,
				E3F276CA2BBBF08300823C52 /* example2 */,
				E3F276CE2BBBF08300823C52 /* example3 */,
			);
			path = Resources;
			sourceTree = "<group>";
		};
		E3F276D12BBBF08300823C52 /* Tests */ = {
			isa = PBXGroup;
			children = (
				E3F276D02BBBF08300823C52 /* GMMClusterTests.swift */,
			);
			path = Tests;
			sourceTree = "<group>";
		};
		E3F276DA2BBBF08300823C52 /* GMMClusters */ = {
			isa = PBXGroup;
			children = (
				E3F276CF2BBBF08300823C52 /* Resources */,
				E3F276D12BBBF08300823C52 /* Tests */,
				E3F276D22BBBF08300823C52 /* GMMClassify.swift */,
				E3F276D32BBBF08300823C52 /* GMMCluster.swift */,
				E3F276D42BBBF08300823C52 /* GMMClusterDefinitions.swift */,
				E3F276D52BBBF08300823C52 /* GMMEigen.swift */,
				E3F276D62BBBF08300823C52 /* GMMInvert.swift */,
				E3F276D72BBBF08300823C52 /* GMMIOUtility.swift */,
				E3F276D82BBBF08300823C52 /* GMMSplitClasses.swift */,
				E3F276D92BBBF08300823C52 /* GMMSubCluster.swift */,
			);
			path = GMMClusters;
			sourceTree = "<group>";
		};
		E3F276F82BBC1BE200823C52 /* Kriging */ = {
			isa = PBXGroup;
			children = (
				E3F276F92BBC1BF300823C52 /* Kriging.swift */,
			);
			path = Kriging;
			sourceTree = "<group>";
		};
/* End PBXGroup section */

/* Begin PBXNativeTarget section */
		E33EDF482BB7E48C00084881 /* ASyncTesting */ = {
			isa = PBXNativeTarget;
			buildConfigurationList = E33EDF5D2BB7E49400084881 /* Build configuration list for PBXNativeTarget "ASyncTesting" */;
			buildPhases = (
				E33EDF452BB7E48C00084881 /* Sources */,
				E33EDF462BB7E48C00084881 /* Frameworks */,
				E33EDF472BB7E48C00084881 /* Resources */,
			);
			buildRules = (
			);
			dependencies = (
			);
			name = ASyncTesting;
			packageProductDependencies = (
				E33EDF682BB7ECAA00084881 /* AsyncView */,
			);
			productName = ASyncTesting;
			productReference = E33EDF492BB7E48C00084881 /* ASyncTesting.app */;
			productType = "com.apple.product-type.application";
		};
/* End PBXNativeTarget section */

/* Begin PBXProject section */
		E33EDF412BB7E48C00084881 /* Project object */ = {
			isa = PBXProject;
			attributes = {
				BuildIndependentTargetsInParallel = 1;
				LastSwiftUpdateCheck = 1530;
				LastUpgradeCheck = 1530;
				TargetAttributes = {
					E33EDF482BB7E48C00084881 = {
						CreatedOnToolsVersion = 15.3;
					};
				};
			};
			buildConfigurationList = E33EDF442BB7E48C00084881 /* Build configuration list for PBXProject "ASyncTesting" */;
			compatibilityVersion = "Xcode 14.0";
			developmentRegion = en;
			hasScannedForEncodings = 0;
			knownRegions = (
				en,
				Base,
			);
			mainGroup = E33EDF402BB7E48C00084881;
			packageReferences = (
				E33EDF672BB7ECAA00084881 /* XCRemoteSwiftPackageReference "AsyncView" */,
			);
			productRefGroup = E33EDF4A2BB7E48C00084881 /* Products */;
			projectDirPath = "";
			projectRoot = "";
			targets = (
				E33EDF482BB7E48C00084881 /* ASyncTesting */,
			);
		};
/* End PBXProject section */

/* Begin PBXResourcesBuildPhase section */
		E33EDF472BB7E48C00084881 /* Resources */ = {
			isa = PBXResourcesBuildPhase;
			buildActionMask = 2147483647;
			files = (
				E3F276E72BBBF08300823C52 /* params22 in Resources */,
				E3F276E12BBBF08300823C52 /* paramstest1 in Resources */,
				E3F276E52BBBF08300823C52 /* info_file2 in Resources */,
				E3F276E02BBBF08300823C52 /* params1 in Resources */,
				E3F276EE2BBBF08400823C52 /* params3 in Resources */,
				E3F276EB2BBBF08300823C52 /* TrainingData22 in Resources */,
				E3F276DC2BBBF08300823C52 /* info_file1 in Resources */,
				E3F276DE2BBBF08300823C52 /* params_diag5 in Resources */,
				E3F276E92BBBF08300823C52 /* TestingData2 in Resources */,
				E3F276DD2BBBF08300823C52 /* params_diag in Resources */,
				E3F276DB2BBBF08300823C52 /* data1 in Resources */,
				E3F276ED2BBBF08400823C52 /* info_file3 in Resources */,
				E33EDF562BB7E49400084881 /* Assets.xcassets in Resources */,
				E33EDF592BB7E49400084881 /* Base in Resources */,
				E3F276E82BBBF08300823C52 /* paramstest2 in Resources */,
				E3F276E22BBBF08300823C52 /* paramstest3 in Resources */,
				E33EDF542BB7E48C00084881 /* Base in Resources */,
				E3F276EC2BBBF08300823C52 /* data3 in Resources */,
				E3F276E42BBBF08300823C52 /* paramstest15 in Resources */,
				E3F276E62BBBF08300823C52 /* params2 in Resources */,
				E3F276DF2BBBF08300823C52 /* params_full5 in Resources */,
				E3F276E32BBBF08300823C52 /* paramstest12 in Resources */,
				E3F276EA2BBBF08300823C52 /* TrainingData21 in Resources */,
			);
			runOnlyForDeploymentPostprocessing = 0;
		};
/* End PBXResourcesBuildPhase section */

/* Begin PBXSourcesBuildPhase section */
		E33EDF452BB7E48C00084881 /* Sources */ = {
			isa = PBXSourcesBuildPhase;
			buildActionMask = 2147483647;
			files = (
				E3888C042BBA7C8400FEC44F /* Format.swift in Sources */,
				E3F276F62BBBF08400823C52 /* GMMSplitClasses.swift in Sources */,
				E33EDF512BB7E48C00084881 /* ViewController.swift in Sources */,
				E3F276F52BBBF08400823C52 /* GMMIOUtility.swift in Sources */,
				E33EDF612BB7E4D200084881 /* Worker.swift in Sources */,
				E3F276FA2BBC1BF400823C52 /* Kriging.swift in Sources */,
				E3888C032BBA7C8400FEC44F /* Convex.swift in Sources */,
				E3888C062BBA7C8400FEC44F /* Hull.swift in Sources */,
				E33EDF4D2BB7E48C00084881 /* AppDelegate.swift in Sources */,
				E3888C082BBA7C8400FEC44F /* Intersect.swift in Sources */,
				E3888C072BBA7C8400FEC44F /* HullHelper.swift in Sources */,
				E3F276F22BBBF08400823C52 /* GMMClusterDefinitions.swift in Sources */,
				E3888C0A2BBAACE300FEC44F /* Chart.swift in Sources */,
				E3F276F72BBBF08400823C52 /* GMMSubCluster.swift in Sources */,
				E3F276B72BBBD6D100823C52 /* WorkResults.swift in Sources */,
				E3F276F32BBBF08400823C52 /* GMMEigen.swift in Sources */,
				E3F276F02BBBF08400823C52 /* GMMClassify.swift in Sources */,
				E33EDF4F2BB7E48C00084881 /* SceneDelegate.swift in Sources */,
				E33EDF662BB7EC6400084881 /* ASyncView.swift in Sources */,
				E3F276F12BBBF08400823C52 /* GMMCluster.swift in Sources */,
				E3F276F42BBBF08400823C52 /* GMMInvert.swift in Sources */,
				E3888C052BBA7C8400FEC44F /* Grid.swift in Sources */,
			);
			runOnlyForDeploymentPostprocessing = 0;
		};
/* End PBXSourcesBuildPhase section */

/* Begin PBXVariantGroup section */
		E33EDF522BB7E48C00084881 /* Main.storyboard */ = {
			isa = PBXVariantGroup;
			children = (
				E33EDF532BB7E48C00084881 /* Base */,
			);
			name = Main.storyboard;
			sourceTree = "<group>";
		};
		E33EDF572BB7E49400084881 /* LaunchScreen.storyboard */ = {
			isa = PBXVariantGroup;
			children = (
				E33EDF582BB7E49400084881 /* Base */,
			);
			name = LaunchScreen.storyboard;
			sourceTree = "<group>";
		};
/* End PBXVariantGroup section */

/* Begin XCBuildConfiguration section */
		E33EDF5B2BB7E49400084881 /* Debug */ = {
			isa = XCBuildConfiguration;
			buildSettings = {
				ALWAYS_SEARCH_USER_PATHS = NO;
				ASSETCATALOG_COMPILER_GENERATE_SWIFT_ASSET_SYMBOL_EXTENSIONS = YES;
				CLANG_ANALYZER_NONNULL = YES;
				CLANG_ANALYZER_NUMBER_OBJECT_CONVERSION = YES_AGGRESSIVE;
				CLANG_CXX_LANGUAGE_STANDARD = "gnu++20";
				CLANG_ENABLE_MODULES = YES;
				CLANG_ENABLE_OBJC_ARC = YES;
				CLANG_ENABLE_OBJC_WEAK = YES;
				CLANG_WARN_BLOCK_CAPTURE_AUTORELEASING = YES;
				CLANG_WARN_BOOL_CONVERSION = YES;
				CLANG_WARN_COMMA = YES;
				CLANG_WARN_CONSTANT_CONVERSION = YES;
				CLANG_WARN_DEPRECATED_OBJC_IMPLEMENTATIONS = YES;
				CLANG_WARN_DIRECT_OBJC_ISA_USAGE = YES_ERROR;
				CLANG_WARN_DOCUMENTATION_COMMENTS = YES;
				CLANG_WARN_EMPTY_BODY = YES;
				CLANG_WARN_ENUM_CONVERSION = YES;
				CLANG_WARN_INFINITE_RECURSION = YES;
				CLANG_WARN_INT_CONVERSION = YES;
				CLANG_WARN_NON_LITERAL_NULL_CONVERSION = YES;
				CLANG_WARN_OBJC_IMPLICIT_RETAIN_SELF = YES;
				CLANG_WARN_OBJC_LITERAL_CONVERSION = YES;
				CLANG_WARN_OBJC_ROOT_CLASS = YES_ERROR;
				CLANG_WARN_QUOTED_INCLUDE_IN_FRAMEWORK_HEADER = YES;
				CLANG_WARN_RANGE_LOOP_ANALYSIS = YES;
				CLANG_WARN_STRICT_PROTOTYPES = YES;
				CLANG_WARN_SUSPICIOUS_MOVE = YES;
				CLANG_WARN_UNGUARDED_AVAILABILITY = YES_AGGRESSIVE;
				CLANG_WARN_UNREACHABLE_CODE = YES;
				CLANG_WARN__DUPLICATE_METHOD_MATCH = YES;
				COPY_PHASE_STRIP = NO;
				DEBUG_INFORMATION_FORMAT = dwarf;
				ENABLE_STRICT_OBJC_MSGSEND = YES;
				ENABLE_TESTABILITY = YES;
				ENABLE_USER_SCRIPT_SANDBOXING = YES;
				GCC_C_LANGUAGE_STANDARD = gnu17;
				GCC_DYNAMIC_NO_PIC = NO;
				GCC_NO_COMMON_BLOCKS = YES;
				GCC_OPTIMIZATION_LEVEL = 0;
				GCC_PREPROCESSOR_DEFINITIONS = (
					"DEBUG=1",
					"$(inherited)",
				);
				GCC_WARN_64_TO_32_BIT_CONVERSION = YES;
				GCC_WARN_ABOUT_RETURN_TYPE = YES_ERROR;
				GCC_WARN_UNDECLARED_SELECTOR = YES;
				GCC_WARN_UNINITIALIZED_AUTOS = YES_AGGRESSIVE;
				GCC_WARN_UNUSED_FUNCTION = YES;
				GCC_WARN_UNUSED_VARIABLE = YES;
				IPHONEOS_DEPLOYMENT_TARGET = 17.4;
				LOCALIZATION_PREFERS_STRING_CATALOGS = YES;
				MTL_ENABLE_DEBUG_INFO = INCLUDE_SOURCE;
				MTL_FAST_MATH = YES;
				ONLY_ACTIVE_ARCH = YES;
				SDKROOT = iphoneos;
				SWIFT_ACTIVE_COMPILATION_CONDITIONS = "DEBUG $(inherited)";
				SWIFT_OPTIMIZATION_LEVEL = "-Onone";
			};
			name = Debug;
		};
		E33EDF5C2BB7E49400084881 /* Release */ = {
			isa = XCBuildConfiguration;
			buildSettings = {
				ALWAYS_SEARCH_USER_PATHS = NO;
				ASSETCATALOG_COMPILER_GENERATE_SWIFT_ASSET_SYMBOL_EXTENSIONS = YES;
				CLANG_ANALYZER_NONNULL = YES;
				CLANG_ANALYZER_NUMBER_OBJECT_CONVERSION = YES_AGGRESSIVE;
				CLANG_CXX_LANGUAGE_STANDARD = "gnu++20";
				CLANG_ENABLE_MODULES = YES;
				CLANG_ENABLE_OBJC_ARC = YES;
				CLANG_ENABLE_OBJC_WEAK = YES;
				CLANG_WARN_BLOCK_CAPTURE_AUTORELEASING = YES;
				CLANG_WARN_BOOL_CONVERSION = YES;
				CLANG_WARN_COMMA = YES;
				CLANG_WARN_CONSTANT_CONVERSION = YES;
				CLANG_WARN_DEPRECATED_OBJC_IMPLEMENTATIONS = YES;
				CLANG_WARN_DIRECT_OBJC_ISA_USAGE = YES_ERROR;
				CLANG_WARN_DOCUMENTATION_COMMENTS = YES;
				CLANG_WARN_EMPTY_BODY = YES;
				CLANG_WARN_ENUM_CONVERSION = YES;
				CLANG_WARN_INFINITE_RECURSION = YES;
				CLANG_WARN_INT_CONVERSION = YES;
				CLANG_WARN_NON_LITERAL_NULL_CONVERSION = YES;
				CLANG_WARN_OBJC_IMPLICIT_RETAIN_SELF = YES;
				CLANG_WARN_OBJC_LITERAL_CONVERSION = YES;
				CLANG_WARN_OBJC_ROOT_CLASS = YES_ERROR;
				CLANG_WARN_QUOTED_INCLUDE_IN_FRAMEWORK_HEADER = YES;
				CLANG_WARN_RANGE_LOOP_ANALYSIS = YES;
				CLANG_WARN_STRICT_PROTOTYPES = YES;
				CLANG_WARN_SUSPICIOUS_MOVE = YES;
				CLANG_WARN_UNGUARDED_AVAILABILITY = YES_AGGRESSIVE;
				CLANG_WARN_UNREACHABLE_CODE = YES;
				CLANG_WARN__DUPLICATE_METHOD_MATCH = YES;
				COPY_PHASE_STRIP = NO;
				DEBUG_INFORMATION_FORMAT = "dwarf-with-dsym";
				ENABLE_NS_ASSERTIONS = NO;
				ENABLE_STRICT_OBJC_MSGSEND = YES;
				ENABLE_USER_SCRIPT_SANDBOXING = YES;
				GCC_C_LANGUAGE_STANDARD = gnu17;
				GCC_NO_COMMON_BLOCKS = YES;
				GCC_WARN_64_TO_32_BIT_CONVERSION = YES;
				GCC_WARN_ABOUT_RETURN_TYPE = YES_ERROR;
				GCC_WARN_UNDECLARED_SELECTOR = YES;
				GCC_WARN_UNINITIALIZED_AUTOS = YES_AGGRESSIVE;
				GCC_WARN_UNUSED_FUNCTION = YES;
				GCC_WARN_UNUSED_VARIABLE = YES;
				IPHONEOS_DEPLOYMENT_TARGET = 17.4;
				LOCALIZATION_PREFERS_STRING_CATALOGS = YES;
				MTL_ENABLE_DEBUG_INFO = NO;
				MTL_FAST_MATH = YES;
				SDKROOT = iphoneos;
				SWIFT_COMPILATION_MODE = wholemodule;
				VALIDATE_PRODUCT = YES;
			};
			name = Release;
		};
		E33EDF5E2BB7E49400084881 /* Debug */ = {
			isa = XCBuildConfiguration;
			buildSettings = {
				ASSETCATALOG_COMPILER_APPICON_NAME = AppIcon;
				ASSETCATALOG_COMPILER_GLOBAL_ACCENT_COLOR_NAME = AccentColor;
				CODE_SIGN_STYLE = Automatic;
				CURRENT_PROJECT_VERSION = 1;
				DEVELOPMENT_TEAM = HGMRL5A68M;
				GENERATE_INFOPLIST_FILE = YES;
				INFOPLIST_FILE = ASyncTesting/Info.plist;
				INFOPLIST_KEY_UIApplicationSupportsIndirectInputEvents = YES;
				INFOPLIST_KEY_UILaunchStoryboardName = LaunchScreen;
				INFOPLIST_KEY_UIMainStoryboardFile = Main;
				INFOPLIST_KEY_UISupportedInterfaceOrientations_iPad = "UIInterfaceOrientationPortrait UIInterfaceOrientationPortraitUpsideDown UIInterfaceOrientationLandscapeLeft UIInterfaceOrientationLandscapeRight";
				INFOPLIST_KEY_UISupportedInterfaceOrientations_iPhone = "UIInterfaceOrientationPortrait UIInterfaceOrientationLandscapeLeft UIInterfaceOrientationLandscapeRight";
				LD_RUNPATH_SEARCH_PATHS = (
					"$(inherited)",
					"@executable_path/Frameworks",
				);
				MARKETING_VERSION = 1.0;
				PRODUCT_BUNDLE_IDENTIFIER = com.whichtoolface.ASyncTesting;
				PRODUCT_NAME = "$(TARGET_NAME)";
				SWIFT_EMIT_LOC_STRINGS = YES;
				SWIFT_STRICT_CONCURRENCY = complete;
				SWIFT_VERSION = 5.0;
				TARGETED_DEVICE_FAMILY = "1,2";
			};
			name = Debug;
		};
		E33EDF5F2BB7E49400084881 /* Release */ = {
			isa = XCBuildConfiguration;
			buildSettings = {
				ASSETCATALOG_COMPILER_APPICON_NAME = AppIcon;
				ASSETCATALOG_COMPILER_GLOBAL_ACCENT_COLOR_NAME = AccentColor;
				CODE_SIGN_STYLE = Automatic;
				CURRENT_PROJECT_VERSION = 1;
				DEVELOPMENT_TEAM = HGMRL5A68M;
				GENERATE_INFOPLIST_FILE = YES;
				INFOPLIST_FILE = ASyncTesting/Info.plist;
				INFOPLIST_KEY_UIApplicationSupportsIndirectInputEvents = YES;
				INFOPLIST_KEY_UILaunchStoryboardName = LaunchScreen;
				INFOPLIST_KEY_UIMainStoryboardFile = Main;
				INFOPLIST_KEY_UISupportedInterfaceOrientations_iPad = "UIInterfaceOrientationPortrait UIInterfaceOrientationPortraitUpsideDown UIInterfaceOrientationLandscapeLeft UIInterfaceOrientationLandscapeRight";
				INFOPLIST_KEY_UISupportedInterfaceOrientations_iPhone = "UIInterfaceOrientationPortrait UIInterfaceOrientationLandscapeLeft UIInterfaceOrientationLandscapeRight";
				LD_RUNPATH_SEARCH_PATHS = (
					"$(inherited)",
					"@executable_path/Frameworks",
				);
				MARKETING_VERSION = 1.0;
				PRODUCT_BUNDLE_IDENTIFIER = com.whichtoolface.ASyncTesting;
				PRODUCT_NAME = "$(TARGET_NAME)";
				SWIFT_EMIT_LOC_STRINGS = YES;
				SWIFT_STRICT_CONCURRENCY = complete;
				SWIFT_VERSION = 5.0;
				TARGETED_DEVICE_FAMILY = "1,2";
			};
			name = Release;
		};
/* End XCBuildConfiguration section */

/* Begin XCConfigurationList section */
		E33EDF442BB7E48C00084881 /* Build configuration list for PBXProject "ASyncTesting" */ = {
			isa = XCConfigurationList;
			buildConfigurations = (
				E33EDF5B2BB7E49400084881 /* Debug */,
				E33EDF5C2BB7E49400084881 /* Release */,
			);
			defaultConfigurationIsVisible = 0;
			defaultConfigurationName = Release;
		};
		E33EDF5D2BB7E49400084881 /* Build configuration list for PBXNativeTarget "ASyncTesting" */ = {
			isa = XCConfigurationList;
			buildConfigurations = (
				E33EDF5E2BB7E49400084881 /* Debug */,
				E33EDF5F2BB7E49400084881 /* Release */,
			);
			defaultConfigurationIsVisible = 0;
			defaultConfigurationName = Release;
		};
/* End XCConfigurationList section */

/* Begin XCRemoteSwiftPackageReference section */
		E33EDF672BB7ECAA00084881 /* XCRemoteSwiftPackageReference "AsyncView" */ = {
			isa = XCRemoteSwiftPackageReference;
			repositoryURL = "https://github.com/ralfebert/AsyncView";
			requirement = {
				kind = upToNextMajorVersion;
				minimumVersion = 0.5.1;
			};
		};
/* End XCRemoteSwiftPackageReference section */

/* Begin XCSwiftPackageProductDependency section */
		E33EDF682BB7ECAA00084881 /* AsyncView */ = {
			isa = XCSwiftPackageProductDependency;
			package = E33EDF672BB7ECAA00084881 /* XCRemoteSwiftPackageReference "AsyncView" */;
			productName = AsyncView;
		};
/* End XCSwiftPackageProductDependency section */
	};
	rootObject = E33EDF412BB7E48C00084881 /* Project object */;
}
